// !$*UTF8*$!
{
	archiveVersion = 1;
	classes = {
	};
	objectVersion = 48;
	objects = {

/* Begin PBXBuildFile section */
		8436AE9A1FA31FAB00A402C5 /* AppDelegate.swift in Sources */ = {isa = PBXBuildFile; fileRef = 8436AE991FA31FAB00A402C5 /* AppDelegate.swift */; };
		8436AE9C1FA31FAB00A402C5 /* ViewController.swift in Sources */ = {isa = PBXBuildFile; fileRef = 8436AE9B1FA31FAB00A402C5 /* ViewController.swift */; };
		8436AE9F1FA31FAB00A402C5 /* Main.storyboard in Resources */ = {isa = PBXBuildFile; fileRef = 8436AE9D1FA31FAB00A402C5 /* Main.storyboard */; };
		8436AEA11FA31FAB00A402C5 /* Assets.xcassets in Resources */ = {isa = PBXBuildFile; fileRef = 8436AEA01FA31FAB00A402C5 /* Assets.xcassets */; };
		8436AEA41FA31FAB00A402C5 /* LaunchScreen.storyboard in Resources */ = {isa = PBXBuildFile; fileRef = 8436AEA21FA31FAB00A402C5 /* LaunchScreen.storyboard */; };
		8436AEAE1FA34D3C00A402C5 /* ResturantsCell.swift in Sources */ = {isa = PBXBuildFile; fileRef = 8436AEAD1FA34D3C00A402C5 /* ResturantsCell.swift */; };
		8436AEB01FA360D800A402C5 /* CatagoriesCell.swift in Sources */ = {isa = PBXBuildFile; fileRef = 8436AEAF1FA360D800A402C5 /* CatagoriesCell.swift */; };
		84F6559D1FA43EDA006BECC8 /* secondTableViewCell.swift in Sources */ = {isa = PBXBuildFile; fileRef = 84F6559C1FA43EDA006BECC8 /* secondTableViewCell.swift */; };
/* End PBXBuildFile section */

/* Begin PBXFileReference section */
		8436AE961FA31FAB00A402C5 /* Daily Deals.app */ = {isa = PBXFileReference; explicitFileType = wrapper.application; includeInIndex = 0; path = "Daily Deals.app"; sourceTree = BUILT_PRODUCTS_DIR; };
		8436AE991FA31FAB00A402C5 /* AppDelegate.swift */ = {isa = PBXFileReference; lastKnownFileType = sourcecode.swift; path = AppDelegate.swift; sourceTree = "<group>"; };
		8436AE9B1FA31FAB00A402C5 /* ViewController.swift */ = {isa = PBXFileReference; lastKnownFileType = sourcecode.swift; path = ViewController.swift; sourceTree = "<group>"; };
		8436AE9E1FA31FAB00A402C5 /* Base */ = {isa = PBXFileReference; lastKnownFileType = file.storyboard; name = Base; path = Base.lproj/Main.storyboard; sourceTree = "<group>"; };
		8436AEA01FA31FAB00A402C5 /* Assets.xcassets */ = {isa = PBXFileReference; lastKnownFileType = folder.assetcatalog; path = Assets.xcassets; sourceTree = "<group>"; };
		8436AEA31FA31FAB00A402C5 /* Base */ = {isa = PBXFileReference; lastKnownFileType = file.storyboard; name = Base; path = Base.lproj/LaunchScreen.storyboard; sourceTree = "<group>"; };
		8436AEA51FA31FAB00A402C5 /* Info.plist */ = {isa = PBXFileReference; lastKnownFileType = text.plist.xml; path = Info.plist; sourceTree = "<group>"; };
		8436AEAD1FA34D3C00A402C5 /* ResturantsCell.swift */ = {isa = PBXFileReference; lastKnownFileType = sourcecode.swift; path = ResturantsCell.swift; sourceTree = "<group>"; };
		8436AEAF1FA360D800A402C5 /* CatagoriesCell.swift */ = {isa = PBXFileReference; lastKnownFileType = sourcecode.swift; path = CatagoriesCell.swift; sourceTree = "<group>"; };
		84F6559C1FA43EDA006BECC8 /* secondTableViewCell.swift */ = {isa = PBXFileReference; lastKnownFileType = sourcecode.swift; path = secondTableViewCell.swift; sourceTree = "<group>"; };
/* End PBXFileReference section */

/* Begin PBXFrameworksBuildPhase section */
		8436AE931FA31FAB00A402C5 /* Frameworks */ = {
			isa = PBXFrameworksBuildPhase;
			buildActionMask = 2147483647;
			files = (
			);
			runOnlyForDeploymentPostprocessing = 0;
		};
/* End PBXFrameworksBuildPhase section */

/* Begin PBXGroup section */
		8436AE8D1FA31FAB00A402C5 = {
			isa = PBXGroup;
			children = (
				8436AE981FA31FAB00A402C5 /* Daily Deals */,
				8436AE971FA31FAB00A402C5 /* Products */,
			);
			sourceTree = "<group>";
		};
		8436AE971FA31FAB00A402C5 /* Products */ = {
			isa = PBXGroup;
			children = (
				8436AE961FA31FAB00A402C5 /* Daily Deals.app */,
			);
			name = Products;
			sourceTree = "<group>";
		};
		8436AE981FA31FAB00A402C5 /* Daily Deals */ = {
			isa = PBXGroup;
			children = (
				8436AE991FA31FAB00A402C5 /* AppDelegate.swift */,
				8436AE9B1FA31FAB00A402C5 /* ViewController.swift */,
				8436AEAF1FA360D800A402C5 /* CatagoriesCell.swift */,
				8436AE9D1FA31FAB00A402C5 /* Main.storyboard */,
				84F6559C1FA43EDA006BECC8 /* secondTableViewCell.swift */,
				8436AEAD1FA34D3C00A402C5 /* ResturantsCell.swift */,
				8436AEA01FA31FAB00A402C5 /* Assets.xcassets */,
				8436AEA21FA31FAB00A402C5 /* LaunchScreen.storyboard */,
				8436AEA51FA31FAB00A402C5 /* Info.plist */,
			);
			path = "Daily Deals";
			sourceTree = "<group>";
		};
/* End PBXGroup section */

/* Begin PBXNativeTarget section */
		8436AE951FA31FAB00A402C5 /* Daily Deals */ = {
			isa = PBXNativeTarget;
			buildConfigurationList = 8436AEA81FA31FAB00A402C5 /* Build configuration list for PBXNativeTarget "Daily Deals" */;
			buildPhases = (
				8436AE921FA31FAB00A402C5 /* Sources */,
				8436AE931FA31FAB00A402C5 /* Frameworks */,
				8436AE941FA31FAB00A402C5 /* Resources */,
			);
			buildRules = (
			);
			dependencies = (
			);
			name = "Daily Deals";
			productName = "Daily Deals";
			productReference = 8436AE961FA31FAB00A402C5 /* Daily Deals.app */;
			productType = "com.apple.product-type.application";
		};
/* End PBXNativeTarget section */

/* Begin PBXProject section */
		8436AE8E1FA31FAB00A402C5 /* Project object */ = {
			isa = PBXProject;
			attributes = {
				LastSwiftUpdateCheck = 0900;
				LastUpgradeCheck = 0900;
				ORGANIZATIONNAME = "globia Technologies";
				TargetAttributes = {
					8436AE951FA31FAB00A402C5 = {
						CreatedOnToolsVersion = 9.0;
						ProvisioningStyle = Automatic;
					};
				};
			};
			buildConfigurationList = 8436AE911FA31FAB00A402C5 /* Build configuration list for PBXProject "Daily Deals" */;
			compatibilityVersion = "Xcode 8.0";
			developmentRegion = en;
			hasScannedForEncodings = 0;
			knownRegions = (
				en,
				Base,
			);
			mainGroup = 8436AE8D1FA31FAB00A402C5;
			productRefGroup = 8436AE971FA31FAB00A402C5 /* Products */;
			projectDirPath = "";
			projectRoot = "";
			targets = (
				8436AE951FA31FAB00A402C5 /* Daily Deals */,
			);
		};
/* End PBXProject section */

/* Begin PBXResourcesBuildPhase section */
		8436AE941FA31FAB00A402C5 /* Resources */ = {
			isa = PBXResourcesBuildPhase;
			buildActionMask = 2147483647;
			files = (
				8436AEA41FA31FAB00A402C5 /* LaunchScreen.storyboard in Resources */,
				8436AEA11FA31FAB00A402C5 /* Assets.xcassets in Resources */,
				8436AE9F1FA31FAB00A402C5 /* Main.storyboard in Resources */,
			);
			runOnlyForDeploymentPostprocessing = 0;
		};
/* End PBXResourcesBuildPhase section */

/* Begin PBXSourcesBuildPhase section */
		8436AE921FA31FAB00A402C5 /* Sources */ = {
			isa = PBXSourcesBuildPhase;
			buildActionMask = 2147483647;
			files = (
				8436AE9C1FA31FAB00A402C5 /* ViewController.swift in Sources */,
				8436AEB01FA360D800A402C5 /* CatagoriesCell.swift in Sources */,
				84F6559D1FA43EDA006BECC8 /* secondTableViewCell.swift in Sources */,
				8436AEAE1FA34D3C00A402C5 /* ResturantsCell.swift in Sources */,
				8436AE9A1FA31FAB00A402C5 /* AppDelegate.swift in Sources */,
			);
			runOnlyForDeploymentPostprocessing = 0;
		};
/* End PBXSourcesBuildPhase section */

/* Begin PBXVariantGroup section */
		8436AE9D1FA31FAB00A402C5 /* Main.storyboard */ = {
			isa = PBXVariantGroup;
			children = (
				8436AE9E1FA31FAB00A402C5 /* Base */,
			);
			name = Main.storyboard;
			sourceTree = "<group>";
		};
		8436AEA21FA31FAB00A402C5 /* LaunchScreen.storyboard */ = {
			isa = PBXVariantGroup;
			children = (
				8436AEA31FA31FAB00A402C5 /* Base */,
			);
			name = LaunchScreen.storyboard;
			sourceTree = "<group>";
		};
/* End PBXVariantGroup section */

/* Begin XCBuildConfiguration section */
		8436AEA61FA31FAB00A402C5 /* Debug */ = {
			isa = XCBuildConfiguration;
			buildSettings = {
				ALWAYS_SEARCH_USER_PATHS = NO;
				CLANG_ANALYZER_NONNULL = YES;
				CLANG_ANALYZER_NUMBER_OBJECT_CONVERSION = YES_AGGRESSIVE;
				CLANG_CXX_LANGUAGE_STANDARD = "gnu++14";
				CLANG_CXX_LIBRARY = "libc++";
				CLANG_ENABLE_MODULES = YES;
				CLANG_ENABLE_OBJC_ARC = YES;
				CLANG_WARN_BLOCK_CAPTURE_AUTORELEASING = YES;
				CLANG_WARN_BOOL_CONVERSION = YES;
				CLANG_WARN_COMMA = YES;
				CLANG_WARN_CONSTANT_CONVERSION = YES;
				CLANG_WARN_DIRECT_OBJC_ISA_USAGE = YES_ERROR;
				CLANG_WARN_DOCUMENTATION_COMMENTS = YES;
				CLANG_WARN_EMPTY_BODY = YES;
				CLANG_WARN_ENUM_CONVERSION = YES;
				CLANG_WARN_INFINITE_RECURSION = YES;
				CLANG_WARN_INT_CONVERSION = YES;
				CLANG_WARN_NON_LITERAL_NULL_CONVERSION = YES;
				CLANG_WARN_OBJC_LITERAL_CONVERSION = YES;
				CLANG_WARN_OBJC_ROOT_CLASS = YES_ERROR;
				CLANG_WARN_RANGE_LOOP_ANALYSIS = YES;
				CLANG_WARN_STRICT_PROTOTYPES = YES;
				CLANG_WARN_SUSPICIOUS_MOVE = YES;
				CLANG_WARN_UNGUARDED_AVAILABILITY = YES_AGGRESSIVE;
				CLANG_WARN_UNREACHABLE_CODE = YES;
				CLANG_WARN__DUPLICATE_METHOD_MATCH = YES;
				CODE_SIGN_IDENTITY = "iPhone Developer";
				COPY_PHASE_STRIP = NO;
				DEBUG_INFORMATION_FORMAT = dwarf;
				ENABLE_STRICT_OBJC_MSGSEND = YES;
				ENABLE_TESTABILITY = YES;
				GCC_C_LANGUAGE_STANDARD = gnu11;
				GCC_DYNAMIC_NO_PIC = NO;
				GCC_NO_COMMON_BLOCKS = YES;
				GCC_OPTIMIZATION_LEVEL = 0;
				GCC_PREPROCESSOR_DEFINITIONS = (
					"DEBUG=1",
					"$(inherited)",
				);
				GCC_WARN_64_TO_32_BIT_CONVERSION = YES;
				GCC_WARN_ABOUT_RETURN_TYPE = YES_ERROR;
				GCC_WARN_UNDECLARED_SELECTOR = YES;
				GCC_WARN_UNINITIALIZED_AUTOS = YES_AGGRESSIVE;
				GCC_WARN_UNUSED_FUNCTION = YES;
				GCC_WARN_UNUSED_VARIABLE = YES;
				IPHONEOS_DEPLOYMENT_TARGET = 11.0;
				MTL_ENABLE_DEBUG_INFO = YES;
				ONLY_ACTIVE_ARCH = YES;
				SDKROOT = iphoneos;
				SWIFT_ACTIVE_COMPILATION_CONDITIONS = DEBUG;
				SWIFT_OPTIMIZATION_LEVEL = "-Onone";
			};
			name = Debug;
		};
		8436AEA71FA31FAB00A402C5 /* Release */ = {
			isa = XCBuildConfiguration;
			buildSettings = {
				ALWAYS_SEARCH_USER_PATHS = NO;
				CLANG_ANALYZER_NONNULL = YES;
				CLANG_ANALYZER_NUMBER_OBJECT_CONVERSION = YES_AGGRESSIVE;
				CLANG_CXX_LANGUAGE_STANDARD = "gnu++14";
				CLANG_CXX_LIBRARY = "libc++";
				CLANG_ENABLE_MODULES = YES;
				CLANG_ENABLE_OBJC_ARC = YES;
				CLANG_WARN_BLOCK_CAPTURE_AUTORELEASING = YES;
				CLANG_WARN_BOOL_CONVERSION = YES;
				CLANG_WARN_COMMA = YES;
				CLANG_WARN_CONSTANT_CONVERSION = YES;
				CLANG_WARN_DIRECT_OBJC_ISA_USAGE = YES_ERROR;
				CLANG_WARN_DOCUMENTATION_COMMENTS = YES;
				CLANG_WARN_EMPTY_BODY = YES;
				CLANG_WARN_ENUM_CONVERSION = YES;
				CLANG_WARN_INFINITE_RECURSION = YES;
				CLANG_WARN_INT_CONVERSION = YES;
				CLANG_WARN_NON_LITERAL_NULL_CONVERSION = YES;
				CLANG_WARN_OBJC_LITERAL_CONVERSION = YES;
				CLANG_WARN_OBJC_ROOT_CLASS = YES_ERROR;
				CLANG_WARN_RANGE_LOOP_ANALYSIS = YES;
				CLANG_WARN_STRICT_PROTOTYPES = YES;
				CLANG_WARN_SUSPICIOUS_MOVE = YES;
				CLANG_WARN_UNGUARDED_AVAILABILITY = YES_AGGRESSIVE;
				CLANG_WARN_UNREACHABLE_CODE = YES;
				CLANG_WARN__DUPLICATE_METHOD_MATCH = YES;
				CODE_SIGN_IDENTITY = "iPhone Developer";
				COPY_PHASE_STRIP = NO;
				DEBUG_INFORMATION_FORMAT = "dwarf-with-dsym";
				ENABLE_NS_ASSERTIONS = NO;
				ENABLE_STRICT_OBJC_MSGSEND = YES;
				GCC_C_LANGUAGE_STANDARD = gnu11;
				GCC_NO_COMMON_BLOCKS = YES;
				GCC_WARN_64_TO_32_BIT_CONVERSION = YES;
				GCC_WARN_ABOUT_RETURN_TYPE = YES_ERROR;
				GCC_WARN_UNDECLARED_SELECTOR = YES;
				GCC_WARN_UNINITIALIZED_AUTOS = YES_AGGRESSIVE;
				GCC_WARN_UNUSED_FUNCTION = YES;
				GCC_WARN_UNUSED_VARIABLE = YES;
				IPHONEOS_DEPLOYMENT_TARGET = 11.0;
				MTL_ENABLE_DEBUG_INFO = NO;
				SDKROOT = iphoneos;
				SWIFT_OPTIMIZATION_LEVEL = "-Owholemodule";
				VALIDATE_PRODUCT = YES;
			};
			name = Release;
		};
		8436AEA91FA31FAB00A402C5 /* Debug */ = {
			isa = XCBuildConfiguration;
			buildSettings = {
				ASSETCATALOG_COMPILER_APPICON_NAME = AppIcon;
				CODE_SIGN_STYLE = Automatic;
				DEVELOPMENT_TEAM = LWN8RB5558;
				INFOPLIST_FILE = "Daily Deals/Info.plist";
				IPHONEOS_DEPLOYMENT_TARGET = 9.0;
				LD_RUNPATH_SEARCH_PATHS = "$(inherited) @executable_path/Frameworks";
				PRODUCT_BUNDLE_IDENTIFIER = "globiatechnologies.nomi.Daily-Deals";
				PRODUCT_NAME = "$(TARGET_NAME)";
				SWIFT_VERSION = 4.0;
				TARGETED_DEVICE_FAMILY = 1;
			};
			name = Debug;
		};
		8436AEAA1FA31FAB00A402C5 /* Release */ = {
			isa = XCBuildConfiguration;
			buildSettings = {
				ASSETCATALOG_COMPILER_APPICON_NAME = AppIcon;
				CODE_SIGN_STYLE = Automatic;
				DEVELOPMENT_TEAM = LWN8RB5558;
				INFOPLIST_FILE = "Daily Deals/Info.plist";
				IPHONEOS_DEPLOYMENT_TARGET = 9.0;
				LD_RUNPATH_SEARCH_PATHS = "$(inherited) @executable_path/Frameworks";
				PRODUCT_BUNDLE_IDENTIFIER = "globiatechnologies.nomi.Daily-Deals";
				PRODUCT_NAME = "$(TARGET_NAME)";
				SWIFT_VERSION = 4.0;
				TARGETED_DEVICE_FAMILY = 1;
			};
			name = Release;
		};
/* End XCBuildConfiguration section */

/* Begin XCConfigurationList section */
		8436AE911FA31FAB00A402C5 /* Build configuration list for PBXProject "Daily Deals" */ = {
			isa = XCConfigurationList;
			buildConfigurations = (
				8436AEA61FA31FAB00A402C5 /* Debug */,
				8436AEA71FA31FAB00A402C5 /* Release */,
			);
			defaultConfigurationIsVisible = 0;
			defaultConfigurationName = Release;
		};
		8436AEA81FA31FAB00A402C5 /* Build configuration list for PBXNativeTarget "Daily Deals" */ = {
			isa = XCConfigurationList;
			buildConfigurations = (
				8436AEA91FA31FAB00A402C5 /* Debug */,
				8436AEAA1FA31FAB00A402C5 /* Release */,
			);
			defaultConfigurationIsVisible = 0;
			defaultConfigurationName = Release;
		};
/* End XCConfigurationList section */
	};
	rootObject = 8436AE8E1FA31FAB00A402C5 /* Project object */;
}
